
Microsoft Visual Studio Solution File, Format Version 12.00
# Visual Studio Version 17
VisualStudioVersion = 17.8.34525.116
MinimumVisualStudioVersion = 10.0.40219.1
Project("{FAE04EC0-301F-11D3-BF4B-00C04F79EFBC}") = "StudentRestAPI", "StudentRestAPI\StudentRestAPI.csproj", "{22AE827B-95E4-4E47-9AB2-A06248CAAA19}"
EndProject
Global
	GlobalSection(SolutionConfigurationPlatforms) = preSolution
		Debug|Any CPU = Debug|Any CPU
		Release|Any CPU = Release|Any CPU
	EndGlobalSection
	GlobalSection(ProjectConfigurationPlatforms) = postSolution
		{22AE827B-95E4-4E47-9AB2-A06248CAAA19}.Debug|Any CPU.ActiveCfg = Debug|Any CPU
		{22AE827B-95E4-4E47-9AB2-A06248CAAA19}.Debug|Any CPU.Build.0 = Debug|Any CPU
		{22AE827B-95E4-4E47-9AB2-A06248CAAA19}.Release|Any CPU.ActiveCfg = Release|Any CPU
		{22AE827B-95E4-4E47-9AB2-A06248CAAA19}.Release|Any CPU.Build.0 = Release|Any CPU
	EndGlobalSection
	GlobalSection(SolutionProperties) = preSolution
		HideSolutionNode = FALSE
	EndGlobalSection
	GlobalSection(ExtensibilityGlobals) = postSolution
		SolutionGuid = {DDC3CD65-A61C-4ACC-9696-4FC72D87A6CE}
	EndGlobalSection
EndGlobal
